// !$*UTF8*$!
{
	archiveVersion = 1;
	classes = {
	};
	objectVersion = 56;
	objects = {

/* Begin PBXBuildFile section */
		EB57BE492B6A5D4C00AAF180 /* TabBarItem.swift in Sources */ = {isa = PBXBuildFile; fileRef = EB57BE482B6A5D4C00AAF180 /* TabBarItem.swift */; };
		EB57BE4D2B6A776000AAF180 /* ProductAddItemView.swift in Sources */ = {isa = PBXBuildFile; fileRef = EB57BE4C2B6A776000AAF180 /* ProductAddItemView.swift */; };
		EB57BE4F2B6A863E00AAF180 /* Line.swift in Sources */ = {isa = PBXBuildFile; fileRef = EB57BE4E2B6A863E00AAF180 /* Line.swift */; };
		EB57BE512B6A8E4B00AAF180 /* ProductCharacteristicsRowView.swift in Sources */ = {isa = PBXBuildFile; fileRef = EB57BE502B6A8E4B00AAF180 /* ProductCharacteristicsRowView.swift */; };
		EBD35DA72B692D2800569AE3 /* Test1221App.swift in Sources */ = {isa = PBXBuildFile; fileRef = EBD35DA62B692D2800569AE3 /* Test1221App.swift */; };
		EBD35DAB2B692D2800569AE3 /* Assets.xcassets in Resources */ = {isa = PBXBuildFile; fileRef = EBD35DAA2B692D2800569AE3 /* Assets.xcassets */; };
		EBD35DAE2B692D2800569AE3 /* Preview Assets.xcassets in Resources */ = {isa = PBXBuildFile; fileRef = EBD35DAD2B692D2800569AE3 /* Preview Assets.xcassets */; };
		EBD35DBA2B692DE200569AE3 /* ProductСardModel.swift in Sources */ = {isa = PBXBuildFile; fileRef = EBD35DB92B692DE200569AE3 /* ProductСardModel.swift */; };
		EBD35DBC2B69309E00569AE3 /* MainView.swift in Sources */ = {isa = PBXBuildFile; fileRef = EBD35DBB2B69309E00569AE3 /* MainView.swift */; };
		EBD35DBE2B6937B500569AE3 /* ProductCardView.swift in Sources */ = {isa = PBXBuildFile; fileRef = EBD35DBD2B6937B500569AE3 /* ProductCardView.swift */; };
		EBD35DC02B6938B800569AE3 /* NavBarButton.swift in Sources */ = {isa = PBXBuildFile; fileRef = EBD35DBF2B6938B800569AE3 /* NavBarButton.swift */; };
		EBD35DC32B693B8B00569AE3 /* ProductCardViewModel.swift in Sources */ = {isa = PBXBuildFile; fileRef = EBD35DC22B693B8B00569AE3 /* ProductCardViewModel.swift */; };
		EBD35DC52B693DF700569AE3 /* ProductByCardIndicatorView.swift in Sources */ = {isa = PBXBuildFile; fileRef = EBD35DC42B693DF700569AE3 /* ProductByCardIndicatorView.swift */; };
		EBD35DC72B693FD800569AE3 /* ProductEvaluationView.swift in Sources */ = {isa = PBXBuildFile; fileRef = EBD35DC62B693FD800569AE3 /* ProductEvaluationView.swift */; };
		EBD35DC92B69426800569AE3 /* ProductCardTitleView.swift in Sources */ = {isa = PBXBuildFile; fileRef = EBD35DC82B69426800569AE3 /* ProductCardTitleView.swift */; };
		EBD35DCB2B69454600569AE3 /* ProductCountryOfOriginView.swift in Sources */ = {isa = PBXBuildFile; fileRef = EBD35DCA2B69454600569AE3 /* ProductCountryOfOriginView.swift */; };
		EBD35DCD2B6948B100569AE3 /* ProductDescriptionView.swift in Sources */ = {isa = PBXBuildFile; fileRef = EBD35DCC2B6948B100569AE3 /* ProductDescriptionView.swift */; };
		EBD35DCF2B6950AA00569AE3 /* ProductCharacteristicsView.swift in Sources */ = {isa = PBXBuildFile; fileRef = EBD35DCE2B6950AA00569AE3 /* ProductCharacteristicsView.swift */; };
		EBD35DD12B695A6E00569AE3 /* ProductReviewCardsView.swift in Sources */ = {isa = PBXBuildFile; fileRef = EBD35DD02B695A6E00569AE3 /* ProductReviewCardsView.swift */; };
		EBD35DD32B69618F00569AE3 /* ProductReviewItemView.swift in Sources */ = {isa = PBXBuildFile; fileRef = EBD35DD22B69618F00569AE3 /* ProductReviewItemView.swift */; };
		EBD35DD52B69626C00569AE3 /* LeaveReviewButton.swift in Sources */ = {isa = PBXBuildFile; fileRef = EBD35DD42B69626C00569AE3 /* LeaveReviewButton.swift */; };
/* End PBXBuildFile section */

/* Begin PBXFileReference section */
		EB57BE482B6A5D4C00AAF180 /* TabBarItem.swift */ = {isa = PBXFileReference; lastKnownFileType = sourcecode.swift; path = TabBarItem.swift; sourceTree = "<group>"; };
		EB57BE4C2B6A776000AAF180 /* ProductAddItemView.swift */ = {isa = PBXFileReference; lastKnownFileType = sourcecode.swift; path = ProductAddItemView.swift; sourceTree = "<group>"; };
		EB57BE4E2B6A863E00AAF180 /* Line.swift */ = {isa = PBXFileReference; lastKnownFileType = sourcecode.swift; path = Line.swift; sourceTree = "<group>"; };
		EB57BE502B6A8E4B00AAF180 /* ProductCharacteristicsRowView.swift */ = {isa = PBXFileReference; lastKnownFileType = sourcecode.swift; path = ProductCharacteristicsRowView.swift; sourceTree = "<group>"; };
		EBD35DA32B692D2800569AE3 /* Test1221.app */ = {isa = PBXFileReference; explicitFileType = wrapper.application; includeInIndex = 0; path = Test1221.app; sourceTree = BUILT_PRODUCTS_DIR; };
		EBD35DA62B692D2800569AE3 /* Test1221App.swift */ = {isa = PBXFileReference; lastKnownFileType = sourcecode.swift; path = Test1221App.swift; sourceTree = "<group>"; };
		EBD35DAA2B692D2800569AE3 /* Assets.xcassets */ = {isa = PBXFileReference; lastKnownFileType = folder.assetcatalog; path = Assets.xcassets; sourceTree = "<group>"; };
		EBD35DAD2B692D2800569AE3 /* Preview Assets.xcassets */ = {isa = PBXFileReference; lastKnownFileType = folder.assetcatalog; path = "Preview Assets.xcassets"; sourceTree = "<group>"; };
		EBD35DB92B692DE200569AE3 /* ProductСardModel.swift */ = {isa = PBXFileReference; lastKnownFileType = sourcecode.swift; path = "ProductСardModel.swift"; sourceTree = "<group>"; };
		EBD35DBB2B69309E00569AE3 /* MainView.swift */ = {isa = PBXFileReference; lastKnownFileType = sourcecode.swift; path = MainView.swift; sourceTree = "<group>"; };
		EBD35DBD2B6937B500569AE3 /* ProductCardView.swift */ = {isa = PBXFileReference; lastKnownFileType = sourcecode.swift; path = ProductCardView.swift; sourceTree = "<group>"; };
		EBD35DBF2B6938B800569AE3 /* NavBarButton.swift */ = {isa = PBXFileReference; lastKnownFileType = sourcecode.swift; path = NavBarButton.swift; sourceTree = "<group>"; };
		EBD35DC22B693B8B00569AE3 /* ProductCardViewModel.swift */ = {isa = PBXFileReference; lastKnownFileType = sourcecode.swift; path = ProductCardViewModel.swift; sourceTree = "<group>"; };
		EBD35DC42B693DF700569AE3 /* ProductByCardIndicatorView.swift */ = {isa = PBXFileReference; lastKnownFileType = sourcecode.swift; path = ProductByCardIndicatorView.swift; sourceTree = "<group>"; };
		EBD35DC62B693FD800569AE3 /* ProductEvaluationView.swift */ = {isa = PBXFileReference; lastKnownFileType = sourcecode.swift; path = ProductEvaluationView.swift; sourceTree = "<group>"; };
		EBD35DC82B69426800569AE3 /* ProductCardTitleView.swift */ = {isa = PBXFileReference; lastKnownFileType = sourcecode.swift; path = ProductCardTitleView.swift; sourceTree = "<group>"; };
		EBD35DCA2B69454600569AE3 /* ProductCountryOfOriginView.swift */ = {isa = PBXFileReference; lastKnownFileType = sourcecode.swift; path = ProductCountryOfOriginView.swift; sourceTree = "<group>"; };
		EBD35DCC2B6948B100569AE3 /* ProductDescriptionView.swift */ = {isa = PBXFileReference; lastKnownFileType = sourcecode.swift; path = ProductDescriptionView.swift; sourceTree = "<group>"; };
		EBD35DCE2B6950AA00569AE3 /* ProductCharacteristicsView.swift */ = {isa = PBXFileReference; lastKnownFileType = sourcecode.swift; path = ProductCharacteristicsView.swift; sourceTree = "<group>"; };
		EBD35DD02B695A6E00569AE3 /* ProductReviewCardsView.swift */ = {isa = PBXFileReference; lastKnownFileType = sourcecode.swift; path = ProductReviewCardsView.swift; sourceTree = "<group>"; };
		EBD35DD22B69618F00569AE3 /* ProductReviewItemView.swift */ = {isa = PBXFileReference; lastKnownFileType = sourcecode.swift; path = ProductReviewItemView.swift; sourceTree = "<group>"; };
		EBD35DD42B69626C00569AE3 /* LeaveReviewButton.swift */ = {isa = PBXFileReference; lastKnownFileType = sourcecode.swift; path = LeaveReviewButton.swift; sourceTree = "<group>"; };
/* End PBXFileReference section */

/* Begin PBXFrameworksBuildPhase section */
		EBD35DA02B692D2800569AE3 /* Frameworks */ = {
			isa = PBXFrameworksBuildPhase;
			buildActionMask = 2147483647;
			files = (
			);
			runOnlyForDeploymentPostprocessing = 0;
		};
/* End PBXFrameworksBuildPhase section */

/* Begin PBXGroup section */
		EBD35D9A2B692D2800569AE3 = {
			isa = PBXGroup;
			children = (
				EBD35DA52B692D2800569AE3 /* Test1221 */,
				EBD35DA42B692D2800569AE3 /* Products */,
			);
			sourceTree = "<group>";
		};
		EBD35DA42B692D2800569AE3 /* Products */ = {
			isa = PBXGroup;
			children = (
				EBD35DA32B692D2800569AE3 /* Test1221.app */,
			);
			name = Products;
			sourceTree = "<group>";
		};
		EBD35DA52B692D2800569AE3 /* Test1221 */ = {
			isa = PBXGroup;
			children = (
				EBD35DB52B692D3B00569AE3 /* App */,
				EBD35DB42B692D3500569AE3 /* Core */,
				EBD35DAA2B692D2800569AE3 /* Assets.xcassets */,
				EBD35DAC2B692D2800569AE3 /* Preview Content */,
			);
			path = Test1221;
			sourceTree = "<group>";
		};
		EBD35DAC2B692D2800569AE3 /* Preview Content */ = {
			isa = PBXGroup;
			children = (
				EBD35DAD2B692D2800569AE3 /* Preview Assets.xcassets */,
			);
			path = "Preview Content";
			sourceTree = "<group>";
		};
		EBD35DB42B692D3500569AE3 /* Core */ = {
			isa = PBXGroup;
			children = (
				EBD35DC12B6938C500569AE3 /* Components */,
				EBD35DB82B692D5600569AE3 /* Model */,
				EBD35DB72B692D4F00569AE3 /* ViewModel */,
				EBD35DB62B692D4700569AE3 /* View */,
			);
			path = Core;
			sourceTree = "<group>";
		};
		EBD35DB52B692D3B00569AE3 /* App */ = {
			isa = PBXGroup;
			children = (
				EBD35DA62B692D2800569AE3 /* Test1221App.swift */,
			);
			path = App;
			sourceTree = "<group>";
		};
		EBD35DB62B692D4700569AE3 /* View */ = {
			isa = PBXGroup;
			children = (
				EBD35DBB2B69309E00569AE3 /* MainView.swift */,
				EB57BE4C2B6A776000AAF180 /* ProductAddItemView.swift */,
				EBD35DBD2B6937B500569AE3 /* ProductCardView.swift */,
				EBD35DC42B693DF700569AE3 /* ProductByCardIndicatorView.swift */,
				EBD35DC62B693FD800569AE3 /* ProductEvaluationView.swift */,
				EBD35DC82B69426800569AE3 /* ProductCardTitleView.swift */,
				EBD35DCA2B69454600569AE3 /* ProductCountryOfOriginView.swift */,
				EBD35DCC2B6948B100569AE3 /* ProductDescriptionView.swift */,
				EBD35DCE2B6950AA00569AE3 /* ProductCharacteristicsView.swift */,
				EB57BE502B6A8E4B00AAF180 /* ProductCharacteristicsRowView.swift */,
				EBD35DD02B695A6E00569AE3 /* ProductReviewCardsView.swift */,
				EBD35DD22B69618F00569AE3 /* ProductReviewItemView.swift */,
			);
			path = View;
			sourceTree = "<group>";
		};
		EBD35DB72B692D4F00569AE3 /* ViewModel */ = {
			isa = PBXGroup;
			children = (
				EBD35DC22B693B8B00569AE3 /* ProductCardViewModel.swift */,
			);
			path = ViewModel;
			sourceTree = "<group>";
		};
		EBD35DB82B692D5600569AE3 /* Model */ = {
			isa = PBXGroup;
			children = (
				EBD35DB92B692DE200569AE3 /* ProductСardModel.swift */,
			);
			path = Model;
			sourceTree = "<group>";
		};
		EBD35DC12B6938C500569AE3 /* Components */ = {
			isa = PBXGroup;
			children = (
				EBD35DBF2B6938B800569AE3 /* NavBarButton.swift */,
				EBD35DD42B69626C00569AE3 /* LeaveReviewButton.swift */,
				EB57BE482B6A5D4C00AAF180 /* TabBarItem.swift */,
				EB57BE4E2B6A863E00AAF180 /* Line.swift */,
			);
			path = Components;
			sourceTree = "<group>";
		};
/* End PBXGroup section */

/* Begin PBXNativeTarget section */
		EBD35DA22B692D2800569AE3 /* Test1221 */ = {
			isa = PBXNativeTarget;
			buildConfigurationList = EBD35DB12B692D2800569AE3 /* Build configuration list for PBXNativeTarget "Test1221" */;
			buildPhases = (
				EBD35D9F2B692D2800569AE3 /* Sources */,
				EBD35DA02B692D2800569AE3 /* Frameworks */,
				EBD35DA12B692D2800569AE3 /* Resources */,
			);
			buildRules = (
			);
			dependencies = (
			);
			name = Test1221;
			productName = Test1221;
			productReference = EBD35DA32B692D2800569AE3 /* Test1221.app */;
			productType = "com.apple.product-type.application";
		};
/* End PBXNativeTarget section */

/* Begin PBXProject section */
		EBD35D9B2B692D2800569AE3 /* Project object */ = {
			isa = PBXProject;
			attributes = {
				BuildIndependentTargetsInParallel = 1;
				LastSwiftUpdateCheck = 1520;
				LastUpgradeCheck = 1520;
				TargetAttributes = {
					EBD35DA22B692D2800569AE3 = {
						CreatedOnToolsVersion = 15.2;
					};
				};
			};
			buildConfigurationList = EBD35D9E2B692D2800569AE3 /* Build configuration list for PBXProject "Test1221" */;
			compatibilityVersion = "Xcode 14.0";
			developmentRegion = en;
			hasScannedForEncodings = 0;
			knownRegions = (
				en,
				Base,
			);
			mainGroup = EBD35D9A2B692D2800569AE3;
			productRefGroup = EBD35DA42B692D2800569AE3 /* Products */;
			projectDirPath = "";
			projectRoot = "";
			targets = (
				EBD35DA22B692D2800569AE3 /* Test1221 */,
			);
		};
/* End PBXProject section */

/* Begin PBXResourcesBuildPhase section */
		EBD35DA12B692D2800569AE3 /* Resources */ = {
			isa = PBXResourcesBuildPhase;
			buildActionMask = 2147483647;
			files = (
				EBD35DAE2B692D2800569AE3 /* Preview Assets.xcassets in Resources */,
				EBD35DAB2B692D2800569AE3 /* Assets.xcassets in Resources */,
			);
			runOnlyForDeploymentPostprocessing = 0;
		};
/* End PBXResourcesBuildPhase section */

/* Begin PBXSourcesBuildPhase section */
		EBD35D9F2B692D2800569AE3 /* Sources */ = {
			isa = PBXSourcesBuildPhase;
			buildActionMask = 2147483647;
			files = (
				EBD35DBC2B69309E00569AE3 /* MainView.swift in Sources */,
				EBD35DBA2B692DE200569AE3 /* ProductСardModel.swift in Sources */,
				EBD35DC72B693FD800569AE3 /* ProductEvaluationView.swift in Sources */,
				EB57BE4D2B6A776000AAF180 /* ProductAddItemView.swift in Sources */,
				EBD35DD12B695A6E00569AE3 /* ProductReviewCardsView.swift in Sources */,
				EBD35DC32B693B8B00569AE3 /* ProductCardViewModel.swift in Sources */,
				EBD35DBE2B6937B500569AE3 /* ProductCardView.swift in Sources */,
				EB57BE492B6A5D4C00AAF180 /* TabBarItem.swift in Sources */,
				EBD35DD32B69618F00569AE3 /* ProductReviewItemView.swift in Sources */,
				EBD35DC02B6938B800569AE3 /* NavBarButton.swift in Sources */,
				EBD35DA72B692D2800569AE3 /* Test1221App.swift in Sources */,
				EBD35DD52B69626C00569AE3 /* LeaveReviewButton.swift in Sources */,
				EBD35DCF2B6950AA00569AE3 /* ProductCharacteristicsView.swift in Sources */,
				EBD35DC92B69426800569AE3 /* ProductCardTitleView.swift in Sources */,
				EBD35DCB2B69454600569AE3 /* ProductCountryOfOriginView.swift in Sources */,
				EB57BE4F2B6A863E00AAF180 /* Line.swift in Sources */,
				EBD35DC52B693DF700569AE3 /* ProductByCardIndicatorView.swift in Sources */,
				EB57BE512B6A8E4B00AAF180 /* ProductCharacteristicsRowView.swift in Sources */,
				EBD35DCD2B6948B100569AE3 /* ProductDescriptionView.swift in Sources */,
			);
			runOnlyForDeploymentPostprocessing = 0;
		};
/* End PBXSourcesBuildPhase section */

/* Begin XCBuildConfiguration section */
		EBD35DAF2B692D2800569AE3 /* Debug */ = {
			isa = XCBuildConfiguration;
			buildSettings = {
				ALWAYS_SEARCH_USER_PATHS = NO;
				ASSETCATALOG_COMPILER_GENERATE_SWIFT_ASSET_SYMBOL_EXTENSIONS = YES;
				CLANG_ANALYZER_NONNULL = YES;
				CLANG_ANALYZER_NUMBER_OBJECT_CONVERSION = YES_AGGRESSIVE;
				CLANG_CXX_LANGUAGE_STANDARD = "gnu++20";
				CLANG_ENABLE_MODULES = YES;
				CLANG_ENABLE_OBJC_ARC = YES;
				CLANG_ENABLE_OBJC_WEAK = YES;
				CLANG_WARN_BLOCK_CAPTURE_AUTORELEASING = YES;
				CLANG_WARN_BOOL_CONVERSION = YES;
				CLANG_WARN_COMMA = YES;
				CLANG_WARN_CONSTANT_CONVERSION = YES;
				CLANG_WARN_DEPRECATED_OBJC_IMPLEMENTATIONS = YES;
				CLANG_WARN_DIRECT_OBJC_ISA_USAGE = YES_ERROR;
				CLANG_WARN_DOCUMENTATION_COMMENTS = YES;
				CLANG_WARN_EMPTY_BODY = YES;
				CLANG_WARN_ENUM_CONVERSION = YES;
				CLANG_WARN_INFINITE_RECURSION = YES;
				CLANG_WARN_INT_CONVERSION = YES;
				CLANG_WARN_NON_LITERAL_NULL_CONVERSION = YES;
				CLANG_WARN_OBJC_IMPLICIT_RETAIN_SELF = YES;
				CLANG_WARN_OBJC_LITERAL_CONVERSION = YES;
				CLANG_WARN_OBJC_ROOT_CLASS = YES_ERROR;
				CLANG_WARN_QUOTED_INCLUDE_IN_FRAMEWORK_HEADER = YES;
				CLANG_WARN_RANGE_LOOP_ANALYSIS = YES;
				CLANG_WARN_STRICT_PROTOTYPES = YES;
				CLANG_WARN_SUSPICIOUS_MOVE = YES;
				CLANG_WARN_UNGUARDED_AVAILABILITY = YES_AGGRESSIVE;
				CLANG_WARN_UNREACHABLE_CODE = YES;
				CLANG_WARN__DUPLICATE_METHOD_MATCH = YES;
				COPY_PHASE_STRIP = NO;
				DEBUG_INFORMATION_FORMAT = dwarf;
				ENABLE_STRICT_OBJC_MSGSEND = YES;
				ENABLE_TESTABILITY = YES;
				ENABLE_USER_SCRIPT_SANDBOXING = YES;
				GCC_C_LANGUAGE_STANDARD = gnu17;
				GCC_DYNAMIC_NO_PIC = NO;
				GCC_NO_COMMON_BLOCKS = YES;
				GCC_OPTIMIZATION_LEVEL = 0;
				GCC_PREPROCESSOR_DEFINITIONS = (
					"DEBUG=1",
					"$(inherited)",
				);
				GCC_WARN_64_TO_32_BIT_CONVERSION = YES;
				GCC_WARN_ABOUT_RETURN_TYPE = YES_ERROR;
				GCC_WARN_UNDECLARED_SELECTOR = YES;
				GCC_WARN_UNINITIALIZED_AUTOS = YES_AGGRESSIVE;
				GCC_WARN_UNUSED_FUNCTION = YES;
				GCC_WARN_UNUSED_VARIABLE = YES;
				IPHONEOS_DEPLOYMENT_TARGET = 17.2;
				LOCALIZATION_PREFERS_STRING_CATALOGS = YES;
				MTL_ENABLE_DEBUG_INFO = INCLUDE_SOURCE;
				MTL_FAST_MATH = YES;
				ONLY_ACTIVE_ARCH = YES;
				SDKROOT = iphoneos;
				SWIFT_ACTIVE_COMPILATION_CONDITIONS = "DEBUG $(inherited)";
				SWIFT_OPTIMIZATION_LEVEL = "-Onone";
			};
			name = Debug;
		};
		EBD35DB02B692D2800569AE3 /* Release */ = {
			isa = XCBuildConfiguration;
			buildSettings = {
				ALWAYS_SEARCH_USER_PATHS = NO;
				ASSETCATALOG_COMPILER_GENERATE_SWIFT_ASSET_SYMBOL_EXTENSIONS = YES;
				CLANG_ANALYZER_NONNULL = YES;
				CLANG_ANALYZER_NUMBER_OBJECT_CONVERSION = YES_AGGRESSIVE;
				CLANG_CXX_LANGUAGE_STANDARD = "gnu++20";
				CLANG_ENABLE_MODULES = YES;
				CLANG_ENABLE_OBJC_ARC = YES;
				CLANG_ENABLE_OBJC_WEAK = YES;
				CLANG_WARN_BLOCK_CAPTURE_AUTORELEASING = YES;
				CLANG_WARN_BOOL_CONVERSION = YES;
				CLANG_WARN_COMMA = YES;
				CLANG_WARN_CONSTANT_CONVERSION = YES;
				CLANG_WARN_DEPRECATED_OBJC_IMPLEMENTATIONS = YES;
				CLANG_WARN_DIRECT_OBJC_ISA_USAGE = YES_ERROR;
				CLANG_WARN_DOCUMENTATION_COMMENTS = YES;
				CLANG_WARN_EMPTY_BODY = YES;
				CLANG_WARN_ENUM_CONVERSION = YES;
				CLANG_WARN_INFINITE_RECURSION = YES;
				CLANG_WARN_INT_CONVERSION = YES;
				CLANG_WARN_NON_LITERAL_NULL_CONVERSION = YES;
				CLANG_WARN_OBJC_IMPLICIT_RETAIN_SELF = YES;
				CLANG_WARN_OBJC_LITERAL_CONVERSION = YES;
				CLANG_WARN_OBJC_ROOT_CLASS = YES_ERROR;
				CLANG_WARN_QUOTED_INCLUDE_IN_FRAMEWORK_HEADER = YES;
				CLANG_WARN_RANGE_LOOP_ANALYSIS = YES;
				CLANG_WARN_STRICT_PROTOTYPES = YES;
				CLANG_WARN_SUSPICIOUS_MOVE = YES;
				CLANG_WARN_UNGUARDED_AVAILABILITY = YES_AGGRESSIVE;
				CLANG_WARN_UNREACHABLE_CODE = YES;
				CLANG_WARN__DUPLICATE_METHOD_MATCH = YES;
				COPY_PHASE_STRIP = NO;
				DEBUG_INFORMATION_FORMAT = "dwarf-with-dsym";
				ENABLE_NS_ASSERTIONS = NO;
				ENABLE_STRICT_OBJC_MSGSEND = YES;
				ENABLE_USER_SCRIPT_SANDBOXING = YES;
				GCC_C_LANGUAGE_STANDARD = gnu17;
				GCC_NO_COMMON_BLOCKS = YES;
				GCC_WARN_64_TO_32_BIT_CONVERSION = YES;
				GCC_WARN_ABOUT_RETURN_TYPE = YES_ERROR;
				GCC_WARN_UNDECLARED_SELECTOR = YES;
				GCC_WARN_UNINITIALIZED_AUTOS = YES_AGGRESSIVE;
				GCC_WARN_UNUSED_FUNCTION = YES;
				GCC_WARN_UNUSED_VARIABLE = YES;
				IPHONEOS_DEPLOYMENT_TARGET = 17.2;
				LOCALIZATION_PREFERS_STRING_CATALOGS = YES;
				MTL_ENABLE_DEBUG_INFO = NO;
				MTL_FAST_MATH = YES;
				SDKROOT = iphoneos;
				SWIFT_COMPILATION_MODE = wholemodule;
				VALIDATE_PRODUCT = YES;
			};
			name = Release;
		};
		EBD35DB22B692D2800569AE3 /* Debug */ = {
			isa = XCBuildConfiguration;
			buildSettings = {
				ASSETCATALOG_COMPILER_APPICON_NAME = AppIcon;
				ASSETCATALOG_COMPILER_GLOBAL_ACCENT_COLOR_NAME = AccentColor;
				CODE_SIGN_STYLE = Automatic;
				CURRENT_PROJECT_VERSION = 1;
				DEVELOPMENT_ASSET_PATHS = "\"Test1221/Preview Content\"";
				DEVELOPMENT_TEAM = T6348J6M82;
				ENABLE_PREVIEWS = YES;
				GENERATE_INFOPLIST_FILE = YES;
				INFOPLIST_KEY_UIApplicationSceneManifest_Generation = YES;
				INFOPLIST_KEY_UIApplicationSupportsIndirectInputEvents = YES;
				INFOPLIST_KEY_UILaunchScreen_Generation = YES;
				INFOPLIST_KEY_UISupportedInterfaceOrientations_iPad = "UIInterfaceOrientationPortrait UIInterfaceOrientationPortraitUpsideDown UIInterfaceOrientationLandscapeLeft UIInterfaceOrientationLandscapeRight";
				INFOPLIST_KEY_UISupportedInterfaceOrientations_iPhone = "UIInterfaceOrientationPortrait UIInterfaceOrientationLandscapeLeft UIInterfaceOrientationLandscapeRight";
				LD_RUNPATH_SEARCH_PATHS = (
					"$(inherited)",
					"@executable_path/Frameworks",
				);
				MARKETING_VERSION = 1.0;
				PRODUCT_BUNDLE_IDENTIFIER = com.peleshenko.Test1221;
				PRODUCT_NAME = "$(TARGET_NAME)";
				SWIFT_EMIT_LOC_STRINGS = YES;
				SWIFT_VERSION = 5.0;
				TARGETED_DEVICE_FAMILY = "1,2";
			};
			name = Debug;
		};
		EBD35DB32B692D2800569AE3 /* Release */ = {
			isa = XCBuildConfiguration;
			buildSettings = {
				ASSETCATALOG_COMPILER_APPICON_NAME = AppIcon;
				ASSETCATALOG_COMPILER_GLOBAL_ACCENT_COLOR_NAME = AccentColor;
				CODE_SIGN_STYLE = Automatic;
				CURRENT_PROJECT_VERSION = 1;
				DEVELOPMENT_ASSET_PATHS = "\"Test1221/Preview Content\"";
				DEVELOPMENT_TEAM = T6348J6M82;
				ENABLE_PREVIEWS = YES;
				GENERATE_INFOPLIST_FILE = YES;
				INFOPLIST_KEY_UIApplicationSceneManifest_Generation = YES;
				INFOPLIST_KEY_UIApplicationSupportsIndirectInputEvents = YES;
				INFOPLIST_KEY_UILaunchScreen_Generation = YES;
				INFOPLIST_KEY_UISupportedInterfaceOrientations_iPad = "UIInterfaceOrientationPortrait UIInterfaceOrientationPortraitUpsideDown UIInterfaceOrientationLandscapeLeft UIInterfaceOrientationLandscapeRight";
				INFOPLIST_KEY_UISupportedInterfaceOrientations_iPhone = "UIInterfaceOrientationPortrait UIInterfaceOrientationLandscapeLeft UIInterfaceOrientationLandscapeRight";
				LD_RUNPATH_SEARCH_PATHS = (
					"$(inherited)",
					"@executable_path/Frameworks",
				);
				MARKETING_VERSION = 1.0;
				PRODUCT_BUNDLE_IDENTIFIER = com.peleshenko.Test1221;
				PRODUCT_NAME = "$(TARGET_NAME)";
				SWIFT_EMIT_LOC_STRINGS = YES;
				SWIFT_VERSION = 5.0;
				TARGETED_DEVICE_FAMILY = "1,2";
			};
			name = Release;
		};
/* End XCBuildConfiguration section */

/* Begin XCConfigurationList section */
		EBD35D9E2B692D2800569AE3 /* Build configuration list for PBXProject "Test1221" */ = {
			isa = XCConfigurationList;
			buildConfigurations = (
				EBD35DAF2B692D2800569AE3 /* Debug */,
				EBD35DB02B692D2800569AE3 /* Release */,
			);
			defaultConfigurationIsVisible = 0;
			defaultConfigurationName = Release;
		};
		EBD35DB12B692D2800569AE3 /* Build configuration list for PBXNativeTarget "Test1221" */ = {
			isa = XCConfigurationList;
			buildConfigurations = (
				EBD35DB22B692D2800569AE3 /* Debug */,
				EBD35DB32B692D2800569AE3 /* Release */,
			);
			defaultConfigurationIsVisible = 0;
			defaultConfigurationName = Release;
		};
/* End XCConfigurationList section */
	};
	rootObject = EBD35D9B2B692D2800569AE3 /* Project object */;
}
